
Microsoft Visual Studio Solution File, Format Version 12.00
# Visual Studio Version 17
VisualStudioVersion = 17.0.31903.59
MinimumVisualStudioVersion = 10.0.40219.1
Project("{2150E333-8FDC-42A3-9474-1A3956D46DE8}") = "src", "src", "{827E0CD3-B72D-47B6-A68D-7590B98EB39B}"
EndProject
Project("{FAE04EC0-301F-11D3-BF4B-00C04F79EFBC}") = "PrivLock.Domain", "src\PrivLock.Domain\PrivLock.Domain.csproj", "{767DB233-4263-4E14-BE10-3E70029F8ADB}"
EndProject
Project("{FAE04EC0-301F-11D3-BF4B-00C04F79EFBC}") = "PrivLock.Platform.Abstractions", "src\PrivLock.Platform.Abstractions\PrivLock.Platform.Abstractions.csproj", "{7376D22B-76B0-4492-AE04-53C9E3BCCBAE}"
EndProject
Project("{FAE04EC0-301F-11D3-BF4B-00C04F79EFBC}") = "PrivLock.Infrastructure.Common", "src\PrivLock.Infrastructure.Common\PrivLock.Infrastructure.Common.csproj", "{E91C37CB-1B01-406F-B843-940B6264A04C}"
EndProject
Project("{FAE04EC0-301F-11D3-BF4B-00C04F79EFBC}") = "PrivLock.Application", "src\PrivLock.Application\PrivLock.Application.csproj", "{8452115E-FB5D-412C-8E1B-760247E8F407}"
EndProject
Project("{FAE04EC0-301F-11D3-BF4B-00C04F79EFBC}") = "PrivLock.UI", "src\PrivLock.UI\PrivLock.UI.csproj", "{D082095D-23FE-4B8D-A755-716FF840432C}"
EndProject
Project("{FAE04EC0-301F-11D3-BF4B-00C04F79EFBC}") = "PrivLock.Platform.Windows", "src\PrivLock.Platform.Windows\PrivLock.Platform.Windows.csproj", "{4151E9D5-DC5B-4364-A792-DC287E9C4208}"
EndProject
Project("{FAE04EC0-301F-11D3-BF4B-00C04F79EFBC}") = "PrivLock.Platform.Linux", "src\PrivLock.Platform.Linux\PrivLock.Platform.Linux.csproj", "{E7554800-3B7C-4C0A-8228-D6D2E2107497}"
EndProject
Project("{FAE04EC0-301F-11D3-BF4B-00C04F79EFBC}") = "PrivLock.Platform.MacOS", "src\PrivLock.Platform.MacOS\PrivLock.Platform.MacOS.csproj", "{20B02512-A2BE-467B-BE28-1BAD7E496757}"
EndProject
Project("{FAE04EC0-301F-11D3-BF4B-00C04F79EFBC}") = "PrivLock.Desktop", "src\PrivLock.Desktop\PrivLock.Desktop.csproj", "{C671E802-CCDE-4923-8BFF-5D0F964FC889}"
EndProject
Project("{2150E333-8FDC-42A3-9474-1A3956D46DE8}") = "tests", "tests", "{0AB3BF05-4346-4AA6-1389-037BE0695223}"
EndProject
Project("{FAE04EC0-301F-11D3-BF4B-00C04F79EFBC}") = "PrivLock.Domain.Tests", "tests\PrivLock.Domain.Tests\PrivLock.Domain.Tests.csproj", "{1C5466D7-4BC3-4CAC-8B77-13A2F5EF12F9}"
EndProject
Project("{FAE04EC0-301F-11D3-BF4B-00C04F79EFBC}") = "PrivLock.Infrastructure.Tests", "tests\PrivLock.Infrastructure.Tests\PrivLock.Infrastructure.Tests.csproj", "{CFDA82EF-F27B-4AB7-BF17-6E8D08F24603}"
EndProject
Project("{FAE04EC0-301F-11D3-BF4B-00C04F79EFBC}") = "PrivLock.Application.Tests", "tests\PrivLock.Application.Tests\PrivLock.Application.Tests.csproj", "{B5D23225-366B-41D0-A4BA-BEE3BC63A5CE}"
EndProject
Project("{FAE04EC0-301F-11D3-BF4B-00C04F79EFBC}") = "PrivLock.Platform.Windows.Tests", "tests\PrivLock.Platform.Windows.Tests\PrivLock.Platform.Windows.Tests.csproj", "{873DAB72-9D89-4CF0-B0D0-AF20B4AC639A}"
EndProject
Global
	GlobalSection(SolutionConfigurationPlatforms) = preSolution
		Debug|Any CPU = Debug|Any CPU
		Debug|x64 = Debug|x64
		Debug|x86 = Debug|x86
		Release|Any CPU = Release|Any CPU
		Release|x64 = Release|x64
		Release|x86 = Release|x86
	EndGlobalSection
	GlobalSection(ProjectConfigurationPlatforms) = postSolution
		{767DB233-4263-4E14-BE10-3E70029F8ADB}.Debug|Any CPU.ActiveCfg = Debug|Any CPU
		{767DB233-4263-4E14-BE10-3E70029F8ADB}.Debug|Any CPU.Build.0 = Debug|Any CPU
		{767DB233-4263-4E14-BE10-3E70029F8ADB}.Debug|x64.ActiveCfg = Debug|Any CPU
		{767DB233-4263-4E14-BE10-3E70029F8ADB}.Debug|x64.Build.0 = Debug|Any CPU
		{767DB233-4263-4E14-BE10-3E70029F8ADB}.Debug|x86.ActiveCfg = Debug|Any CPU
		{767DB233-4263-4E14-BE10-3E70029F8ADB}.Debug|x86.Build.0 = Debug|Any CPU
		{767DB233-4263-4E14-BE10-3E70029F8ADB}.Release|Any CPU.ActiveCfg = Release|Any CPU
		{767DB233-4263-4E14-BE10-3E70029F8ADB}.Release|Any CPU.Build.0 = Release|Any CPU
		{767DB233-4263-4E14-BE10-3E70029F8ADB}.Release|x64.ActiveCfg = Release|Any CPU
		{767DB233-4263-4E14-BE10-3E70029F8ADB}.Release|x64.Build.0 = Release|Any CPU
		{767DB233-4263-4E14-BE10-3E70029F8ADB}.Release|x86.ActiveCfg = Release|Any CPU
		{767DB233-4263-4E14-BE10-3E70029F8ADB}.Release|x86.Build.0 = Release|Any CPU
		{7376D22B-76B0-4492-AE04-53C9E3BCCBAE}.Debug|Any CPU.ActiveCfg = Debug|Any CPU
		{7376D22B-76B0-4492-AE04-53C9E3BCCBAE}.Debug|Any CPU.Build.0 = Debug|Any CPU
		{7376D22B-76B0-4492-AE04-53C9E3BCCBAE}.Debug|x64.ActiveCfg = Debug|Any CPU
		{7376D22B-76B0-4492-AE04-53C9E3BCCBAE}.Debug|x64.Build.0 = Debug|Any CPU
		{7376D22B-76B0-4492-AE04-53C9E3BCCBAE}.Debug|x86.ActiveCfg = Debug|Any CPU
		{7376D22B-76B0-4492-AE04-53C9E3BCCBAE}.Debug|x86.Build.0 = Debug|Any CPU
		{7376D22B-76B0-4492-AE04-53C9E3BCCBAE}.Release|Any CPU.ActiveCfg = Release|Any CPU
		{7376D22B-76B0-4492-AE04-53C9E3BCCBAE}.Release|Any CPU.Build.0 = Release|Any CPU
		{7376D22B-76B0-4492-AE04-53C9E3BCCBAE}.Release|x64.ActiveCfg = Release|Any CPU
		{7376D22B-76B0-4492-AE04-53C9E3BCCBAE}.Release|x64.Build.0 = Release|Any CPU
		{7376D22B-76B0-4492-AE04-53C9E3BCCBAE}.Release|x86.ActiveCfg = Release|Any CPU
		{7376D22B-76B0-4492-AE04-53C9E3BCCBAE}.Release|x86.Build.0 = Release|Any CPU
		{E91C37CB-1B01-406F-B843-940B6264A04C}.Debug|Any CPU.ActiveCfg = Debug|Any CPU
		{E91C37CB-1B01-406F-B843-940B6264A04C}.Debug|Any CPU.Build.0 = Debug|Any CPU
		{E91C37CB-1B01-406F-B843-940B6264A04C}.Debug|x64.ActiveCfg = Debug|Any CPU
		{E91C37CB-1B01-406F-B843-940B6264A04C}.Debug|x64.Build.0 = Debug|Any CPU
		{E91C37CB-1B01-406F-B843-940B6264A04C}.Debug|x86.ActiveCfg = Debug|Any CPU
		{E91C37CB-1B01-406F-B843-940B6264A04C}.Debug|x86.Build.0 = Debug|Any CPU
		{E91C37CB-1B01-406F-B843-940B6264A04C}.Release|Any CPU.ActiveCfg = Release|Any CPU
		{E91C37CB-1B01-406F-B843-940B6264A04C}.Release|Any CPU.Build.0 = Release|Any CPU
		{E91C37CB-1B01-406F-B843-940B6264A04C}.Release|x64.ActiveCfg = Release|Any CPU
		{E91C37CB-1B01-406F-B843-940B6264A04C}.Release|x64.Build.0 = Release|Any CPU
		{E91C37CB-1B01-406F-B843-940B6264A04C}.Release|x86.ActiveCfg = Release|Any CPU
		{E91C37CB-1B01-406F-B843-940B6264A04C}.Release|x86.Build.0 = Release|Any CPU
		{8452115E-FB5D-412C-8E1B-760247E8F407}.Debug|Any CPU.ActiveCfg = Debug|Any CPU
		{8452115E-FB5D-412C-8E1B-760247E8F407}.Debug|Any CPU.Build.0 = Debug|Any CPU
		{8452115E-FB5D-412C-8E1B-760247E8F407}.Debug|x64.ActiveCfg = Debug|Any CPU
		{8452115E-FB5D-412C-8E1B-760247E8F407}.Debug|x64.Build.0 = Debug|Any CPU
		{8452115E-FB5D-412C-8E1B-760247E8F407}.Debug|x86.ActiveCfg = Debug|Any CPU
		{8452115E-FB5D-412C-8E1B-760247E8F407}.Debug|x86.Build.0 = Debug|Any CPU
		{8452115E-FB5D-412C-8E1B-760247E8F407}.Release|Any CPU.ActiveCfg = Release|Any CPU
		{8452115E-FB5D-412C-8E1B-760247E8F407}.Release|Any CPU.Build.0 = Release|Any CPU
		{8452115E-FB5D-412C-8E1B-760247E8F407}.Release|x64.ActiveCfg = Release|Any CPU
		{8452115E-FB5D-412C-8E1B-760247E8F407}.Release|x64.Build.0 = Release|Any CPU
		{8452115E-FB5D-412C-8E1B-760247E8F407}.Release|x86.ActiveCfg = Release|Any CPU
		{8452115E-FB5D-412C-8E1B-760247E8F407}.Release|x86.Build.0 = Release|Any CPU
		{D082095D-23FE-4B8D-A755-716FF840432C}.Debug|Any CPU.ActiveCfg = Debug|Any CPU
		{D082095D-23FE-4B8D-A755-716FF840432C}.Debug|Any CPU.Build.0 = Debug|Any CPU
		{D082095D-23FE-4B8D-A755-716FF840432C}.Debug|x64.ActiveCfg = Debug|Any CPU
		{D082095D-23FE-4B8D-A755-716FF840432C}.Debug|x64.Build.0 = Debug|Any CPU
		{D082095D-23FE-4B8D-A755-716FF840432C}.Debug|x86.ActiveCfg = Debug|Any CPU
		{D082095D-23FE-4B8D-A755-716FF840432C}.Debug|x86.Build.0 = Debug|Any CPU
		{D082095D-23FE-4B8D-A755-716FF840432C}.Release|Any CPU.ActiveCfg = Release|Any CPU
		{D082095D-23FE-4B8D-A755-716FF840432C}.Release|Any CPU.Build.0 = Release|Any CPU
		{D082095D-23FE-4B8D-A755-716FF840432C}.Release|x64.ActiveCfg = Release|Any CPU
		{D082095D-23FE-4B8D-A755-716FF840432C}.Release|x64.Build.0 = Release|Any CPU
		{D082095D-23FE-4B8D-A755-716FF840432C}.Release|x86.ActiveCfg = Release|Any CPU
		{D082095D-23FE-4B8D-A755-716FF840432C}.Release|x86.Build.0 = Release|Any CPU
		{4151E9D5-DC5B-4364-A792-DC287E9C4208}.Debug|Any CPU.ActiveCfg = Debug|Any CPU
		{4151E9D5-DC5B-4364-A792-DC287E9C4208}.Debug|Any CPU.Build.0 = Debug|Any CPU
		{4151E9D5-DC5B-4364-A792-DC287E9C4208}.Debug|x64.ActiveCfg = Debug|Any CPU
		{4151E9D5-DC5B-4364-A792-DC287E9C4208}.Debug|x64.Build.0 = Debug|Any CPU
		{4151E9D5-DC5B-4364-A792-DC287E9C4208}.Debug|x86.ActiveCfg = Debug|Any CPU
		{4151E9D5-DC5B-4364-A792-DC287E9C4208}.Debug|x86.Build.0 = Debug|Any CPU
		{4151E9D5-DC5B-4364-A792-DC287E9C4208}.Release|Any CPU.ActiveCfg = Release|Any CPU
		{4151E9D5-DC5B-4364-A792-DC287E9C4208}.Release|Any CPU.Build.0 = Release|Any CPU
		{4151E9D5-DC5B-4364-A792-DC287E9C4208}.Release|x64.ActiveCfg = Release|Any CPU
		{4151E9D5-DC5B-4364-A792-DC287E9C4208}.Release|x64.Build.0 = Release|Any CPU
		{4151E9D5-DC5B-4364-A792-DC287E9C4208}.Release|x86.ActiveCfg = Release|Any CPU
		{4151E9D5-DC5B-4364-A792-DC287E9C4208}.Release|x86.Build.0 = Release|Any CPU
		{E7554800-3B7C-4C0A-8228-D6D2E2107497}.Debug|Any CPU.ActiveCfg = Debug|Any CPU
		{E7554800-3B7C-4C0A-8228-D6D2E2107497}.Debug|Any CPU.Build.0 = Debug|Any CPU
		{E7554800-3B7C-4C0A-8228-D6D2E2107497}.Debug|x64.ActiveCfg = Debug|Any CPU
		{E7554800-3B7C-4C0A-8228-D6D2E2107497}.Debug|x64.Build.0 = Debug|Any CPU
		{E7554800-3B7C-4C0A-8228-D6D2E2107497}.Debug|x86.ActiveCfg = Debug|Any CPU
		{E7554800-3B7C-4C0A-8228-D6D2E2107497}.Debug|x86.Build.0 = Debug|Any CPU
		{E7554800-3B7C-4C0A-8228-D6D2E2107497}.Release|Any CPU.ActiveCfg = Release|Any CPU
		{E7554800-3B7C-4C0A-8228-D6D2E2107497}.Release|Any CPU.Build.0 = Release|Any CPU
		{E7554800-3B7C-4C0A-8228-D6D2E2107497}.Release|x64.ActiveCfg = Release|Any CPU
		{E7554800-3B7C-4C0A-8228-D6D2E2107497}.Release|x64.Build.0 = Release|Any CPU
		{E7554800-3B7C-4C0A-8228-D6D2E2107497}.Release|x86.ActiveCfg = Release|Any CPU
		{E7554800-3B7C-4C0A-8228-D6D2E2107497}.Release|x86.Build.0 = Release|Any CPU
		{20B02512-A2BE-467B-BE28-1BAD7E496757}.Debug|Any CPU.ActiveCfg = Debug|Any CPU
		{20B02512-A2BE-467B-BE28-1BAD7E496757}.Debug|Any CPU.Build.0 = Debug|Any CPU
		{20B02512-A2BE-467B-BE28-1BAD7E496757}.Debug|x64.ActiveCfg = Debug|Any CPU
		{20B02512-A2BE-467B-BE28-1BAD7E496757}.Debug|x64.Build.0 = Debug|Any CPU
		{20B02512-A2BE-467B-BE28-1BAD7E496757}.Debug|x86.ActiveCfg = Debug|Any CPU
		{20B02512-A2BE-467B-BE28-1BAD7E496757}.Debug|x86.Build.0 = Debug|Any CPU
		{20B02512-A2BE-467B-BE28-1BAD7E496757}.Release|Any CPU.ActiveCfg = Release|Any CPU
		{20B02512-A2BE-467B-BE28-1BAD7E496757}.Release|Any CPU.Build.0 = Release|Any CPU
		{20B02512-A2BE-467B-BE28-1BAD7E496757}.Release|x64.ActiveCfg = Release|Any CPU
		{20B02512-A2BE-467B-BE28-1BAD7E496757}.Release|x64.Build.0 = Release|Any CPU
		{20B02512-A2BE-467B-BE28-1BAD7E496757}.Release|x86.ActiveCfg = Release|Any CPU
		{20B02512-A2BE-467B-BE28-1BAD7E496757}.Release|x86.Build.0 = Release|Any CPU
		{C671E802-CCDE-4923-8BFF-5D0F964FC889}.Debug|Any CPU.ActiveCfg = Debug|Any CPU
		{C671E802-CCDE-4923-8BFF-5D0F964FC889}.Debug|Any CPU.Build.0 = Debug|Any CPU
		{C671E802-CCDE-4923-8BFF-5D0F964FC889}.Debug|x64.ActiveCfg = Debug|Any CPU
		{C671E802-CCDE-4923-8BFF-5D0F964FC889}.Debug|x64.Build.0 = Debug|Any CPU
		{C671E802-CCDE-4923-8BFF-5D0F964FC889}.Debug|x86.ActiveCfg = Debug|Any CPU
		{C671E802-CCDE-4923-8BFF-5D0F964FC889}.Debug|x86.Build.0 = Debug|Any CPU
		{C671E802-CCDE-4923-8BFF-5D0F964FC889}.Release|Any CPU.ActiveCfg = Release|Any CPU
		{C671E802-CCDE-4923-8BFF-5D0F964FC889}.Release|Any CPU.Build.0 = Release|Any CPU
		{C671E802-CCDE-4923-8BFF-5D0F964FC889}.Release|x64.ActiveCfg = Release|Any CPU
		{C671E802-CCDE-4923-8BFF-5D0F964FC889}.Release|x64.Build.0 = Release|Any CPU
		{C671E802-CCDE-4923-8BFF-5D0F964FC889}.Release|x86.ActiveCfg = Release|Any CPU
		{C671E802-CCDE-4923-8BFF-5D0F964FC889}.Release|x86.Build.0 = Release|Any CPU
		{1C5466D7-4BC3-4CAC-8B77-13A2F5EF12F9}.Debug|Any CPU.ActiveCfg = Debug|Any CPU
		{1C5466D7-4BC3-4CAC-8B77-13A2F5EF12F9}.Debug|Any CPU.Build.0 = Debug|Any CPU
		{1C5466D7-4BC3-4CAC-8B77-13A2F5EF12F9}.Debug|x64.ActiveCfg = Debug|Any CPU
		{1C5466D7-4BC3-4CAC-8B77-13A2F5EF12F9}.Debug|x64.Build.0 = Debug|Any CPU
		{1C5466D7-4BC3-4CAC-8B77-13A2F5EF12F9}.Debug|x86.ActiveCfg = Debug|Any CPU
		{1C5466D7-4BC3-4CAC-8B77-13A2F5EF12F9}.Debug|x86.Build.0 = Debug|Any CPU
		{1C5466D7-4BC3-4CAC-8B77-13A2F5EF12F9}.Release|Any CPU.ActiveCfg = Release|Any CPU
		{1C5466D7-4BC3-4CAC-8B77-13A2F5EF12F9}.Release|Any CPU.Build.0 = Release|Any CPU
		{1C5466D7-4BC3-4CAC-8B77-13A2F5EF12F9}.Release|x64.ActiveCfg = Release|Any CPU
		{1C5466D7-4BC3-4CAC-8B77-13A2F5EF12F9}.Release|x64.Build.0 = Release|Any CPU
		{1C5466D7-4BC3-4CAC-8B77-13A2F5EF12F9}.Release|x86.ActiveCfg = Release|Any CPU
		{1C5466D7-4BC3-4CAC-8B77-13A2F5EF12F9}.Release|x86.Build.0 = Release|Any CPU
		{CFDA82EF-F27B-4AB7-BF17-6E8D08F24603}.Debug|Any CPU.ActiveCfg = Debug|Any CPU
		{CFDA82EF-F27B-4AB7-BF17-6E8D08F24603}.Debug|Any CPU.Build.0 = Debug|Any CPU
		{CFDA82EF-F27B-4AB7-BF17-6E8D08F24603}.Debug|x64.ActiveCfg = Debug|Any CPU
		{CFDA82EF-F27B-4AB7-BF17-6E8D08F24603}.Debug|x64.Build.0 = Debug|Any CPU
		{CFDA82EF-F27B-4AB7-BF17-6E8D08F24603}.Debug|x86.ActiveCfg = Debug|Any CPU
		{CFDA82EF-F27B-4AB7-BF17-6E8D08F24603}.Debug|x86.Build.0 = Debug|Any CPU
		{CFDA82EF-F27B-4AB7-BF17-6E8D08F24603}.Release|Any CPU.ActiveCfg = Release|Any CPU
		{CFDA82EF-F27B-4AB7-BF17-6E8D08F24603}.Release|Any CPU.Build.0 = Release|Any CPU
		{CFDA82EF-F27B-4AB7-BF17-6E8D08F24603}.Release|x64.ActiveCfg = Release|Any CPU
		{CFDA82EF-F27B-4AB7-BF17-6E8D08F24603}.Release|x64.Build.0 = Release|Any CPU
		{CFDA82EF-F27B-4AB7-BF17-6E8D08F24603}.Release|x86.ActiveCfg = Release|Any CPU
		{CFDA82EF-F27B-4AB7-BF17-6E8D08F24603}.Release|x86.Build.0 = Release|Any CPU
		{B5D23225-366B-41D0-A4BA-BEE3BC63A5CE}.Debug|Any CPU.ActiveCfg = Debug|Any CPU
		{B5D23225-366B-41D0-A4BA-BEE3BC63A5CE}.Debug|Any CPU.Build.0 = Debug|Any CPU
		{B5D23225-366B-41D0-A4BA-BEE3BC63A5CE}.Debug|x64.ActiveCfg = Debug|Any CPU
		{B5D23225-366B-41D0-A4BA-BEE3BC63A5CE}.Debug|x64.Build.0 = Debug|Any CPU
		{B5D23225-366B-41D0-A4BA-BEE3BC63A5CE}.Debug|x86.ActiveCfg = Debug|Any CPU
		{B5D23225-366B-41D0-A4BA-BEE3BC63A5CE}.Debug|x86.Build.0 = Debug|Any CPU
		{B5D23225-366B-41D0-A4BA-BEE3BC63A5CE}.Release|Any CPU.ActiveCfg = Release|Any CPU
		{B5D23225-366B-41D0-A4BA-BEE3BC63A5CE}.Release|Any CPU.Build.0 = Release|Any CPU
		{B5D23225-366B-41D0-A4BA-BEE3BC63A5CE}.Release|x64.ActiveCfg = Release|Any CPU
		{B5D23225-366B-41D0-A4BA-BEE3BC63A5CE}.Release|x64.Build.0 = Release|Any CPU
		{B5D23225-366B-41D0-A4BA-BEE3BC63A5CE}.Release|x86.ActiveCfg = Release|Any CPU
		{B5D23225-366B-41D0-A4BA-BEE3BC63A5CE}.Release|x86.Build.0 = Release|Any CPU
		{873DAB72-9D89-4CF0-B0D0-AF20B4AC639A}.Debug|Any CPU.ActiveCfg = Debug|Any CPU
		{873DAB72-9D89-4CF0-B0D0-AF20B4AC639A}.Debug|Any CPU.Build.0 = Debug|Any CPU
		{873DAB72-9D89-4CF0-B0D0-AF20B4AC639A}.Debug|x64.ActiveCfg = Debug|Any CPU
		{873DAB72-9D89-4CF0-B0D0-AF20B4AC639A}.Debug|x64.Build.0 = Debug|Any CPU
		{873DAB72-9D89-4CF0-B0D0-AF20B4AC639A}.Debug|x86.ActiveCfg = Debug|Any CPU
		{873DAB72-9D89-4CF0-B0D0-AF20B4AC639A}.Debug|x86.Build.0 = Debug|Any CPU
		{873DAB72-9D89-4CF0-B0D0-AF20B4AC639A}.Release|Any CPU.ActiveCfg = Release|Any CPU
		{873DAB72-9D89-4CF0-B0D0-AF20B4AC639A}.Release|Any CPU.Build.0 = Release|Any CPU
		{873DAB72-9D89-4CF0-B0D0-AF20B4AC639A}.Release|x64.ActiveCfg = Release|Any CPU
		{873DAB72-9D89-4CF0-B0D0-AF20B4AC639A}.Release|x64.Build.0 = Release|Any CPU
		{873DAB72-9D89-4CF0-B0D0-AF20B4AC639A}.Release|x86.ActiveCfg = Release|Any CPU
		{873DAB72-9D89-4CF0-B0D0-AF20B4AC639A}.Release|x86.Build.0 = Release|Any CPU
	EndGlobalSection
	GlobalSection(SolutionProperties) = preSolution
		HideSolutionNode = FALSE
	EndGlobalSection
	GlobalSection(NestedProjects) = preSolution
		{767DB233-4263-4E14-BE10-3E70029F8ADB} = {827E0CD3-B72D-47B6-A68D-7590B98EB39B}
		{7376D22B-76B0-4492-AE04-53C9E3BCCBAE} = {827E0CD3-B72D-47B6-A68D-7590B98EB39B}
		{E91C37CB-1B01-406F-B843-940B6264A04C} = {827E0CD3-B72D-47B6-A68D-7590B98EB39B}
		{8452115E-FB5D-412C-8E1B-760247E8F407} = {827E0CD3-B72D-47B6-A68D-7590B98EB39B}
		{D082095D-23FE-4B8D-A755-716FF840432C} = {827E0CD3-B72D-47B6-A68D-7590B98EB39B}
		{4151E9D5-DC5B-4364-A792-DC287E9C4208} = {827E0CD3-B72D-47B6-A68D-7590B98EB39B}
		{E7554800-3B7C-4C0A-8228-D6D2E2107497} = {827E0CD3-B72D-47B6-A68D-7590B98EB39B}
		{20B02512-A2BE-467B-BE28-1BAD7E496757} = {827E0CD3-B72D-47B6-A68D-7590B98EB39B}
		{C671E802-CCDE-4923-8BFF-5D0F964FC889} = {827E0CD3-B72D-47B6-A68D-7590B98EB39B}
		{1C5466D7-4BC3-4CAC-8B77-13A2F5EF12F9} = {0AB3BF05-4346-4AA6-1389-037BE0695223}
		{CFDA82EF-F27B-4AB7-BF17-6E8D08F24603} = {0AB3BF05-4346-4AA6-1389-037BE0695223}
		{B5D23225-366B-41D0-A4BA-BEE3BC63A5CE} = {0AB3BF05-4346-4AA6-1389-037BE0695223}
		{873DAB72-9D89-4CF0-B0D0-AF20B4AC639A} = {0AB3BF05-4346-4AA6-1389-037BE0695223}
	EndGlobalSection
EndGlobal
